# THIS IS AN AUTOGENERATED FILE. DO NOT EDIT THIS FILE DIRECTLY.
assets/_base.css:
  development: 2017-09-29T06:05:49+01:00   22289eab56c4bce331190f84f6953d59
assets/_base.scss:
  development: 2017-09-29T06:05:54+01:00   a23530691629272c0a83a92e499df3e7
assets/_base.scss.liquid:
  development: 2017-09-29T06:05:54+01:00   9e0dfd71aab40ad7f24b65c1a17b82b2
assets/_wufoo.scss:
  development: 2017-09-29T06:05:52+01:00   951008b7d0c2fa356aeacc50565d3e38
assets/_wufoo.scss.liquid:
  development: 2017-09-29T06:05:48+01:00   18b1d75afaa610fdcf3c647a2d283496
assets/checkout.css.liquid:
  development: 2017-09-29T06:05:51+01:00   cae78f424397461af05b2062208f7e77
assets/layout-changes.css:
  development: 2017-09-11T00:39:02+01:00   d0b60b9a9f6f1974ab3e1e35477e3ccc
layout/theme.liquid:
  development: 2017-09-29T05:34:56+01:00   c6193e4f4bd99d540d22712e5a150dea
snippets/_navbar-top.liquid:
  development: 2017-09-29T03:17:16+01:00   7af917da3a91472b63e200fddb708945
snippets/collection-header.liquid:
  development: 2017-09-29T05:52:54+01:00   7f0834d91b51c8b3559f0049297cd6e4
snippets/collections-list.liquid:
  development: 2017-09-29T05:38:47+01:00   81d5e60336fb5972ac8177b7419d062e
snippets/footer.liquid:
  development: 2017-09-29T05:39:18+01:00   a31dc9a46101b659f18e7fe296149273
snippets/search-form.liquid:
  development: 2017-09-27T01:58:18+01:00   7beb28b6f8f1c789ab4080303384ef20
snippets/social-feed-instagram.liquid:
  development: 2017-09-29T05:39:29+01:00   55b510653515062eb39c4b7c20af0496
templates/index.liquid:
  development: 2017-09-29T03:15:36+01:00   d835a6dcfd8e2ed1ff165b058a8fcd5e
