# THIS IS AN AUTOGENERATED FILE. DO NOT EDIT THIS FILE DIRECTLY.
assets/_base.css:
  development: 2017-09-29T06:05:49+01:00   22289eab56c4bce331190f84f6953d59
assets/_base.scss:
  development: 2017-09-29T06:05:54+01:00   a23530691629272c0a83a92e499df3e7
assets/_base.scss.liquid:
  development: 2017-09-29T06:05:54+01:00   9e0dfd71aab40ad7f24b65c1a17b82b2
assets/_wufoo.scss:
  development: 2017-09-29T06:05:52+01:00   951008b7d0c2fa356aeacc50565d3e38
assets/_wufoo.scss.liquid:
  development: 2017-09-29T06:05:48+01:00   18b1d75afaa610fdcf3c647a2d283496
assets/checkout.css.liquid:
  development: 2017-09-29T06:05:51+01:00   cae78f424397461af05b2062208f7e77
assets/layout-changes.css:
  development: 2017-12-17T01:56:21+00:00   04584b9089773c959dcc799eb3062719
layout/theme.liquid:
  development: 2017-12-12T01:29:12+00:00   417d51317ea2a36f90aadb6e9d5a1fde
snippets/_navbar-top.liquid:
  development: 2017-09-29T03:17:16+01:00   7af917da3a91472b63e200fddb708945
snippets/collection-header.liquid:
  development: 2017-09-29T05:52:54+01:00   7f0834d91b51c8b3559f0049297cd6e4
snippets/collections-list.liquid:
  development: 2017-09-29T05:38:47+01:00   81d5e60336fb5972ac8177b7419d062e
snippets/footer.liquid:
  development: 2017-09-29T05:39:18+01:00   a31dc9a46101b659f18e7fe296149273
snippets/pop-up.liquid:
  development: 2017-12-12T02:27:26+00:00   982505dba87845a3c65fc4cada9b6b5a
snippets/search-form.liquid:
  development: 2017-09-27T01:58:18+01:00   7beb28b6f8f1c789ab4080303384ef20
snippets/social-feed-instagram.liquid:
  development: 2017-09-29T05:39:29+01:00   55b510653515062eb39c4b7c20af0496
templates/index.liquid:
  development: 2017-09-29T03:15:36+01:00   d835a6dcfd8e2ed1ff165b058a8fcd5e
templates/page.gift-ideas.liquid:
  development: 2017-12-17T01:52:34+00:00   09b294ae36c845bed4672df876414d50
